
Microsoft Visual Studio Solution File, Format Version 12.00
# Visual Studio Version 17
VisualStudioVersion = 17.12.35527.113
MinimumVisualStudioVersion = 10.0.40219.1
Project("{2150E333-8FDC-42A3-9474-1A3956D46DE8}") = "src", "src", "{9333DB37-20DF-4BCF-9088-BEDE365988D2}"
EndProject
Project("{FAE04EC0-301F-11D3-BF4B-00C04F79EFBC}") = "HackernNews.Api", "src\HackernNews.Api\HackernNews.Api.csproj", "{466E42E8-74B3-4A0B-B90C-DC8BC5B07D5E}"
EndProject
Project("{FAE04EC0-301F-11D3-BF4B-00C04F79EFBC}") = "HackernNews.Core", "src\HackernNews.Core\HackernNews.Core.csproj", "{E1A0C9CE-D149-4E53-BB29-5B37C70F5D72}"
EndProject
Project("{FAE04EC0-301F-11D3-BF4B-00C04F79EFBC}") = "HackernNews.Infrastructure", "src\HackernNews.Infrastructure\HackernNews.Infrastructure.csproj", "{17459BB6-9766-4791-A0DA-D10BA750EF26}"
EndProject
Project("{FAE04EC0-301F-11D3-BF4B-00C04F79EFBC}") = "HackernNews.UseCases", "src\HackernNews.UseCases\HackernNews.UseCases.csproj", "{C993B5C7-B1DB-49CE-90BF-937B053054E9}"
EndProject
Project("{2150E333-8FDC-42A3-9474-1A3956D46DE8}") = "tests", "tests", "{611A9FF6-DC2F-4AA7-8056-D2854053E041}"
EndProject
Project("{FAE04EC0-301F-11D3-BF4B-00C04F79EFBC}") = "HackernNews.Api.Test", "src\HackernNews.Api.Test\HackernNews.Api.Test.csproj", "{DC19B54A-3FF1-4604-85F3-E487F7E8884D}"
EndProject
Project("{FAE04EC0-301F-11D3-BF4B-00C04F79EFBC}") = "HackernNews.Infrastructure.Tests", "src\HackernNews.Infrastructure.Tests\HackernNews.Infrastructure.Tests.csproj", "{3B4DDABD-E6A9-4375-B354-C5980E2A2871}"
EndProject
Global
	GlobalSection(SolutionConfigurationPlatforms) = preSolution
		Debug|Any CPU = Debug|Any CPU
		Release|Any CPU = Release|Any CPU
	EndGlobalSection
	GlobalSection(ProjectConfigurationPlatforms) = postSolution
		{466E42E8-74B3-4A0B-B90C-DC8BC5B07D5E}.Debug|Any CPU.ActiveCfg = Debug|Any CPU
		{466E42E8-74B3-4A0B-B90C-DC8BC5B07D5E}.Debug|Any CPU.Build.0 = Debug|Any CPU
		{466E42E8-74B3-4A0B-B90C-DC8BC5B07D5E}.Release|Any CPU.ActiveCfg = Release|Any CPU
		{466E42E8-74B3-4A0B-B90C-DC8BC5B07D5E}.Release|Any CPU.Build.0 = Release|Any CPU
		{E1A0C9CE-D149-4E53-BB29-5B37C70F5D72}.Debug|Any CPU.ActiveCfg = Debug|Any CPU
		{E1A0C9CE-D149-4E53-BB29-5B37C70F5D72}.Debug|Any CPU.Build.0 = Debug|Any CPU
		{E1A0C9CE-D149-4E53-BB29-5B37C70F5D72}.Release|Any CPU.ActiveCfg = Release|Any CPU
		{E1A0C9CE-D149-4E53-BB29-5B37C70F5D72}.Release|Any CPU.Build.0 = Release|Any CPU
		{17459BB6-9766-4791-A0DA-D10BA750EF26}.Debug|Any CPU.ActiveCfg = Debug|Any CPU
		{17459BB6-9766-4791-A0DA-D10BA750EF26}.Debug|Any CPU.Build.0 = Debug|Any CPU
		{17459BB6-9766-4791-A0DA-D10BA750EF26}.Release|Any CPU.ActiveCfg = Release|Any CPU
		{17459BB6-9766-4791-A0DA-D10BA750EF26}.Release|Any CPU.Build.0 = Release|Any CPU
		{C993B5C7-B1DB-49CE-90BF-937B053054E9}.Debug|Any CPU.ActiveCfg = Debug|Any CPU
		{C993B5C7-B1DB-49CE-90BF-937B053054E9}.Debug|Any CPU.Build.0 = Debug|Any CPU
		{C993B5C7-B1DB-49CE-90BF-937B053054E9}.Release|Any CPU.ActiveCfg = Release|Any CPU
		{C993B5C7-B1DB-49CE-90BF-937B053054E9}.Release|Any CPU.Build.0 = Release|Any CPU
		{DC19B54A-3FF1-4604-85F3-E487F7E8884D}.Debug|Any CPU.ActiveCfg = Debug|Any CPU
		{DC19B54A-3FF1-4604-85F3-E487F7E8884D}.Debug|Any CPU.Build.0 = Debug|Any CPU
		{DC19B54A-3FF1-4604-85F3-E487F7E8884D}.Release|Any CPU.ActiveCfg = Release|Any CPU
		{DC19B54A-3FF1-4604-85F3-E487F7E8884D}.Release|Any CPU.Build.0 = Release|Any CPU
		{3B4DDABD-E6A9-4375-B354-C5980E2A2871}.Debug|Any CPU.ActiveCfg = Debug|Any CPU
		{3B4DDABD-E6A9-4375-B354-C5980E2A2871}.Debug|Any CPU.Build.0 = Debug|Any CPU
		{3B4DDABD-E6A9-4375-B354-C5980E2A2871}.Release|Any CPU.ActiveCfg = Release|Any CPU
		{3B4DDABD-E6A9-4375-B354-C5980E2A2871}.Release|Any CPU.Build.0 = Release|Any CPU
	EndGlobalSection
	GlobalSection(SolutionProperties) = preSolution
		HideSolutionNode = FALSE
	EndGlobalSection
	GlobalSection(NestedProjects) = preSolution
		{466E42E8-74B3-4A0B-B90C-DC8BC5B07D5E} = {9333DB37-20DF-4BCF-9088-BEDE365988D2}
		{E1A0C9CE-D149-4E53-BB29-5B37C70F5D72} = {9333DB37-20DF-4BCF-9088-BEDE365988D2}
		{17459BB6-9766-4791-A0DA-D10BA750EF26} = {9333DB37-20DF-4BCF-9088-BEDE365988D2}
		{C993B5C7-B1DB-49CE-90BF-937B053054E9} = {9333DB37-20DF-4BCF-9088-BEDE365988D2}
		{DC19B54A-3FF1-4604-85F3-E487F7E8884D} = {611A9FF6-DC2F-4AA7-8056-D2854053E041}
		{3B4DDABD-E6A9-4375-B354-C5980E2A2871} = {611A9FF6-DC2F-4AA7-8056-D2854053E041}
	EndGlobalSection
EndGlobal
